
Microsoft Visual Studio Solution File, Format Version 12.00
# Visual Studio 15
VisualStudioVersion = 15.0.28307.902
MinimumVisualStudioVersion = 10.0.40219.1
Project("{159641D6-6404-4A2A-AE62-294DE0FE8301}") = "Integration_ght_Project", "Integration_ght_Project\Integration_ght_Project.dtproj", "{9FF52314-EBD9-45C0-89B3-877CDFAA885C}"
EndProject
Global
	GlobalSection(SolutionConfigurationPlatforms) = preSolution
		Development|Default = Development|Default
	EndGlobalSection
	GlobalSection(ProjectConfigurationPlatforms) = postSolution
		{9FF52314-EBD9-45C0-89B3-877CDFAA885C}.Development|Default.ActiveCfg = Development
		{9FF52314-EBD9-45C0-89B3-877CDFAA885C}.Development|Default.Build.0 = Development
	EndGlobalSection
	GlobalSection(SolutionProperties) = preSolution
		HideSolutionNode = FALSE
	EndGlobalSection
	GlobalSection(ExtensibilityGlobals) = postSolution
		SolutionGuid = {F3757C1D-F7DD-4F78-8E01-BED558A6A3CD}
	EndGlobalSection
EndGlobal
